
Microsoft Visual Studio Solution File, Format Version 12.00
# Visual Studio Version 17
VisualStudioVersion = 17.14.36518.9 d17.14
MinimumVisualStudioVersion = 10.0.40219.1
Project("{FAE04EC0-301F-11D3-BF4B-00C04F79EFBC}") = "notdefterı", "notdefterı\notdefterı.csproj", "{403B827E-1E8F-4EFF-88C7-D82A96F73BE4}"
EndProject
Global
	GlobalSection(SolutionConfigurationPlatforms) = preSolution
		Debug|Any CPU = Debug|Any CPU
		Release|Any CPU = Release|Any CPU
	EndGlobalSection
	GlobalSection(ProjectConfigurationPlatforms) = postSolution
		{403B827E-1E8F-4EFF-88C7-D82A96F73BE4}.Debug|Any CPU.ActiveCfg = Debug|Any CPU
		{403B827E-1E8F-4EFF-88C7-D82A96F73BE4}.Debug|Any CPU.Build.0 = Debug|Any CPU
		{403B827E-1E8F-4EFF-88C7-D82A96F73BE4}.Release|Any CPU.ActiveCfg = Release|Any CPU
		{403B827E-1E8F-4EFF-88C7-D82A96F73BE4}.Release|Any CPU.Build.0 = Release|Any CPU
	EndGlobalSection
	GlobalSection(SolutionProperties) = preSolution
		HideSolutionNode = FALSE
	EndGlobalSection
	GlobalSection(ExtensibilityGlobals) = postSolution
		SolutionGuid = {3483F8BD-D054-442F-ADD5-A8D725901D70}
	EndGlobalSection
EndGlobal
